
Microsoft Visual Studio Solution File, Format Version 12.00
# Visual Studio Version 17
VisualStudioVersion = 17.10.34916.146
MinimumVisualStudioVersion = 10.0.40219.1
Project("{FAE04EC0-301F-11D3-BF4B-00C04F79EFBC}") = "TssRocket.Domain", "TssRocket.Domain\TssRocket.Domain.csproj", "{DF9F51B5-8974-43E0-9E30-E1E6A1A740F3}"
EndProject
Project("{FAE04EC0-301F-11D3-BF4B-00C04F79EFBC}") = "TssRocket.Data", "TssRocket.Data\TssRocket.Data.csproj", "{C8380D48-8DE8-48B3-A5A0-154255C80A3D}"
EndProject
Project("{FAE04EC0-301F-11D3-BF4B-00C04F79EFBC}") = "TssRocket.App", "TssRocket.App\TssRocket.App.csproj", "{F3E6F8C7-E94F-41FF-90AA-36AD182F168A}"
EndProject
Project("{FAE04EC0-301F-11D3-BF4B-00C04F79EFBC}") = "TssRocket.UniGate", "TssRocket.UniGate\TssRocket.UniGate.csproj", "{F4C3F547-5DE2-40C1-A976-6748F414545B}"
EndProject
Project("{FAE04EC0-301F-11D3-BF4B-00C04F79EFBC}") = "TssRocket.WebApp", "TssRocket.WebApp\TssRocket.WebApp.csproj", "{B8036DCB-0AC6-438F-B990-6FE9414C5389}"
EndProject
Global
	GlobalSection(SolutionConfigurationPlatforms) = preSolution
		Debug|Any CPU = Debug|Any CPU
		Release|Any CPU = Release|Any CPU
	EndGlobalSection
	GlobalSection(ProjectConfigurationPlatforms) = postSolution
		{DF9F51B5-8974-43E0-9E30-E1E6A1A740F3}.Debug|Any CPU.ActiveCfg = Debug|Any CPU
		{DF9F51B5-8974-43E0-9E30-E1E6A1A740F3}.Debug|Any CPU.Build.0 = Debug|Any CPU
		{DF9F51B5-8974-43E0-9E30-E1E6A1A740F3}.Release|Any CPU.ActiveCfg = Release|Any CPU
		{DF9F51B5-8974-43E0-9E30-E1E6A1A740F3}.Release|Any CPU.Build.0 = Release|Any CPU
		{C8380D48-8DE8-48B3-A5A0-154255C80A3D}.Debug|Any CPU.ActiveCfg = Debug|Any CPU
		{C8380D48-8DE8-48B3-A5A0-154255C80A3D}.Debug|Any CPU.Build.0 = Debug|Any CPU
		{C8380D48-8DE8-48B3-A5A0-154255C80A3D}.Release|Any CPU.ActiveCfg = Release|Any CPU
		{C8380D48-8DE8-48B3-A5A0-154255C80A3D}.Release|Any CPU.Build.0 = Release|Any CPU
		{F3E6F8C7-E94F-41FF-90AA-36AD182F168A}.Debug|Any CPU.ActiveCfg = Debug|Any CPU
		{F3E6F8C7-E94F-41FF-90AA-36AD182F168A}.Debug|Any CPU.Build.0 = Debug|Any CPU
		{F3E6F8C7-E94F-41FF-90AA-36AD182F168A}.Release|Any CPU.ActiveCfg = Release|Any CPU
		{F3E6F8C7-E94F-41FF-90AA-36AD182F168A}.Release|Any CPU.Build.0 = Release|Any CPU
		{F4C3F547-5DE2-40C1-A976-6748F414545B}.Debug|Any CPU.ActiveCfg = Debug|Any CPU
		{F4C3F547-5DE2-40C1-A976-6748F414545B}.Debug|Any CPU.Build.0 = Debug|Any CPU
		{F4C3F547-5DE2-40C1-A976-6748F414545B}.Release|Any CPU.ActiveCfg = Release|Any CPU
		{F4C3F547-5DE2-40C1-A976-6748F414545B}.Release|Any CPU.Build.0 = Release|Any CPU
		{B8036DCB-0AC6-438F-B990-6FE9414C5389}.Debug|Any CPU.ActiveCfg = Debug|Any CPU
		{B8036DCB-0AC6-438F-B990-6FE9414C5389}.Debug|Any CPU.Build.0 = Debug|Any CPU
		{B8036DCB-0AC6-438F-B990-6FE9414C5389}.Release|Any CPU.ActiveCfg = Release|Any CPU
		{B8036DCB-0AC6-438F-B990-6FE9414C5389}.Release|Any CPU.Build.0 = Release|Any CPU
	EndGlobalSection
	GlobalSection(SolutionProperties) = preSolution
		HideSolutionNode = FALSE
	EndGlobalSection
	GlobalSection(ExtensibilityGlobals) = postSolution
		SolutionGuid = {5A5BE607-510A-434D-8411-D2A9ED0733F3}
	EndGlobalSection
EndGlobal
